
Microsoft Visual Studio Solution File, Format Version 12.00
# Visual Studio Version 16
VisualStudioVersion = 16.0.30323.103
MinimumVisualStudioVersion = 10.0.40219.1
Project("{2150E333-8FDC-42A3-9474-1A3956D46DE8}") = "Solution Itens", "Solution Itens", "{46054308-4A31-465F-8B50-9CC3E8735E22}"
	ProjectSection(SolutionItems) = preProject
		global.json = global.json
	EndProjectSection
EndProject
Project("{2150E333-8FDC-42A3-9474-1A3956D46DE8}") = "src", "src", "{5B0C4ACB-3C2C-4BCA-B67A-135EA03143EE}"
EndProject
Project("{2150E333-8FDC-42A3-9474-1A3956D46DE8}") = "1 - Service", "1 - Service", "{618178F7-6877-4EC2-A15C-2D9E2A341785}"
EndProject
Project("{2150E333-8FDC-42A3-9474-1A3956D46DE8}") = "2 - Teste", "2 - Teste", "{A4626045-33CB-4603-93B3-EC3EC9204C5D}"
EndProject
Project("{9A19103F-16F7-4668-BE54-9A1E7A4F7556}") = "BookService", "src\Service\BookService\BookService.csproj", "{AAE6AA54-A6CE-4CDE-A2D9-AF54D3C59135}"
EndProject
Global
	GlobalSection(SolutionConfigurationPlatforms) = preSolution
		Debug|Any CPU = Debug|Any CPU
		Release|Any CPU = Release|Any CPU
	EndGlobalSection
	GlobalSection(ProjectConfigurationPlatforms) = postSolution
		{AAE6AA54-A6CE-4CDE-A2D9-AF54D3C59135}.Debug|Any CPU.ActiveCfg = Debug|Any CPU
		{AAE6AA54-A6CE-4CDE-A2D9-AF54D3C59135}.Debug|Any CPU.Build.0 = Debug|Any CPU
		{AAE6AA54-A6CE-4CDE-A2D9-AF54D3C59135}.Release|Any CPU.ActiveCfg = Release|Any CPU
		{AAE6AA54-A6CE-4CDE-A2D9-AF54D3C59135}.Release|Any CPU.Build.0 = Release|Any CPU
	EndGlobalSection
	GlobalSection(SolutionProperties) = preSolution
		HideSolutionNode = FALSE
	EndGlobalSection
	GlobalSection(NestedProjects) = preSolution
		{618178F7-6877-4EC2-A15C-2D9E2A341785} = {5B0C4ACB-3C2C-4BCA-B67A-135EA03143EE}
		{A4626045-33CB-4603-93B3-EC3EC9204C5D} = {5B0C4ACB-3C2C-4BCA-B67A-135EA03143EE}
		{AAE6AA54-A6CE-4CDE-A2D9-AF54D3C59135} = {618178F7-6877-4EC2-A15C-2D9E2A341785}
	EndGlobalSection
	GlobalSection(ExtensibilityGlobals) = postSolution
		SolutionGuid = {7FC0F318-BB08-4DA5-B599-038FFF777A95}
	EndGlobalSection
EndGlobal
